// !$*UTF8*$!
{
	archiveVersion = 1;
	classes = {
	};
	objectVersion = 56;
	objects = {

/* Begin PBXBuildFile section */
		3F1973D82C22EBAC00BC8531 /* SignUpFirstVC.swift in Sources */ = {isa = PBXBuildFile; fileRef = 3F1973D72C22EBAC00BC8531 /* SignUpFirstVC.swift */; };
		3F1973DA2C22EBC100BC8531 /* SignUpSecondVC.swift in Sources */ = {isa = PBXBuildFile; fileRef = 3F1973D92C22EBC100BC8531 /* SignUpSecondVC.swift */; };
		3F1973DE2C23059B00BC8531 /* SignInVC.swift in Sources */ = {isa = PBXBuildFile; fileRef = 3F1973DD2C23059B00BC8531 /* SignInVC.swift */; };
		3F522DD82C23E6B000CA3D3E /* ValidationError.swift in Sources */ = {isa = PBXBuildFile; fileRef = 3F522DD72C23E6B000CA3D3E /* ValidationError.swift */; };
		3F522DDA2C23E6C100CA3D3E /* LoginResponse.swift in Sources */ = {isa = PBXBuildFile; fileRef = 3F522DD92C23E6C100CA3D3E /* LoginResponse.swift */; };
		3F522DDC2C23E6CF00CA3D3E /* SignUpResponse.swift in Sources */ = {isa = PBXBuildFile; fileRef = 3F522DDB2C23E6CF00CA3D3E /* SignUpResponse.swift */; };
		3F522DDE2C23ED8700CA3D3E /* .gitignore in Resources */ = {isa = PBXBuildFile; fileRef = 3F522DDD2C23ED8700CA3D3E /* .gitignore */; };
		3F9957082C22B2CE00B5EF96 /* AppDelegate.swift in Sources */ = {isa = PBXBuildFile; fileRef = 3F9957072C22B2CE00B5EF96 /* AppDelegate.swift */; };
		3F99570A2C22B2CE00B5EF96 /* SceneDelegate.swift in Sources */ = {isa = PBXBuildFile; fileRef = 3F9957092C22B2CE00B5EF96 /* SceneDelegate.swift */; };
		3F99570C2C22B2CE00B5EF96 /* GreetingVC.swift in Sources */ = {isa = PBXBuildFile; fileRef = 3F99570B2C22B2CE00B5EF96 /* GreetingVC.swift */; };
		3F9957112C22B2CF00B5EF96 /* Assets.xcassets in Resources */ = {isa = PBXBuildFile; fileRef = 3F9957102C22B2CF00B5EF96 /* Assets.xcassets */; };
		3F9957142C22B2CF00B5EF96 /* LaunchScreen.storyboard in Resources */ = {isa = PBXBuildFile; fileRef = 3F9957122C22B2CF00B5EF96 /* LaunchScreen.storyboard */; };
		EF69A025EEA105B213A1AC68 /* Pods_TodoApp.framework in Frameworks */ = {isa = PBXBuildFile; fileRef = C19ED28FF535A88C0A441D70 /* Pods_TodoApp.framework */; };
/* End PBXBuildFile section */

/* Begin PBXFileReference section */
		3F1973D72C22EBAC00BC8531 /* SignUpFirstVC.swift */ = {isa = PBXFileReference; lastKnownFileType = sourcecode.swift; path = SignUpFirstVC.swift; sourceTree = "<group>"; };
		3F1973D92C22EBC100BC8531 /* SignUpSecondVC.swift */ = {isa = PBXFileReference; lastKnownFileType = sourcecode.swift; path = SignUpSecondVC.swift; sourceTree = "<group>"; };
		3F1973DD2C23059B00BC8531 /* SignInVC.swift */ = {isa = PBXFileReference; lastKnownFileType = sourcecode.swift; path = SignInVC.swift; sourceTree = "<group>"; };
		3F522DD72C23E6B000CA3D3E /* ValidationError.swift */ = {isa = PBXFileReference; lastKnownFileType = sourcecode.swift; path = ValidationError.swift; sourceTree = "<group>"; };
		3F522DD92C23E6C100CA3D3E /* LoginResponse.swift */ = {isa = PBXFileReference; lastKnownFileType = sourcecode.swift; path = LoginResponse.swift; sourceTree = "<group>"; };
		3F522DDB2C23E6CF00CA3D3E /* SignUpResponse.swift */ = {isa = PBXFileReference; lastKnownFileType = sourcecode.swift; path = SignUpResponse.swift; sourceTree = "<group>"; };
		3F522DDD2C23ED8700CA3D3E /* .gitignore */ = {isa = PBXFileReference; lastKnownFileType = text; path = .gitignore; sourceTree = "<group>"; };
		3F9957042C22B2CE00B5EF96 /* TodoApp.app */ = {isa = PBXFileReference; explicitFileType = wrapper.application; includeInIndex = 0; path = TodoApp.app; sourceTree = BUILT_PRODUCTS_DIR; };
		3F9957072C22B2CE00B5EF96 /* AppDelegate.swift */ = {isa = PBXFileReference; lastKnownFileType = sourcecode.swift; path = AppDelegate.swift; sourceTree = "<group>"; };
		3F9957092C22B2CE00B5EF96 /* SceneDelegate.swift */ = {isa = PBXFileReference; lastKnownFileType = sourcecode.swift; path = SceneDelegate.swift; sourceTree = "<group>"; };
		3F99570B2C22B2CE00B5EF96 /* GreetingVC.swift */ = {isa = PBXFileReference; lastKnownFileType = sourcecode.swift; path = GreetingVC.swift; sourceTree = "<group>"; };
		3F9957102C22B2CF00B5EF96 /* Assets.xcassets */ = {isa = PBXFileReference; lastKnownFileType = folder.assetcatalog; path = Assets.xcassets; sourceTree = "<group>"; };
		3F9957132C22B2CF00B5EF96 /* Base */ = {isa = PBXFileReference; lastKnownFileType = file.storyboard; name = Base; path = Base.lproj/LaunchScreen.storyboard; sourceTree = "<group>"; };
		3F9957152C22B2CF00B5EF96 /* Info.plist */ = {isa = PBXFileReference; lastKnownFileType = text.plist.xml; path = Info.plist; sourceTree = "<group>"; };
		7D788F694B59DD71AD215158 /* Pods-TodoApp.release.xcconfig */ = {isa = PBXFileReference; includeInIndex = 1; lastKnownFileType = text.xcconfig; name = "Pods-TodoApp.release.xcconfig"; path = "Target Support Files/Pods-TodoApp/Pods-TodoApp.release.xcconfig"; sourceTree = "<group>"; };
		A95D167B79CEA5ACFEF7A3B6 /* Pods-TodoApp.debug.xcconfig */ = {isa = PBXFileReference; includeInIndex = 1; lastKnownFileType = text.xcconfig; name = "Pods-TodoApp.debug.xcconfig"; path = "Target Support Files/Pods-TodoApp/Pods-TodoApp.debug.xcconfig"; sourceTree = "<group>"; };
		C19ED28FF535A88C0A441D70 /* Pods_TodoApp.framework */ = {isa = PBXFileReference; explicitFileType = wrapper.framework; includeInIndex = 0; path = Pods_TodoApp.framework; sourceTree = BUILT_PRODUCTS_DIR; };
/* End PBXFileReference section */

/* Begin PBXFrameworksBuildPhase section */
		3F9957012C22B2CE00B5EF96 /* Frameworks */ = {
			isa = PBXFrameworksBuildPhase;
			buildActionMask = 2147483647;
			files = (
				EF69A025EEA105B213A1AC68 /* Pods_TodoApp.framework in Frameworks */,
			);
			runOnlyForDeploymentPostprocessing = 0;
		};
/* End PBXFrameworksBuildPhase section */

/* Begin PBXGroup section */
		3F9956FB2C22B2CE00B5EF96 = {
			isa = PBXGroup;
			children = (
				3F522DDD2C23ED8700CA3D3E /* .gitignore */,
				3F9957062C22B2CE00B5EF96 /* TodoApp */,
				3F9957052C22B2CE00B5EF96 /* Products */,
				7750E42FF2221C67316DD702 /* Pods */,
				8476A7F118724E30DB93A727 /* Frameworks */,
			);
			sourceTree = "<group>";
		};
		3F9957052C22B2CE00B5EF96 /* Products */ = {
			isa = PBXGroup;
			children = (
				3F9957042C22B2CE00B5EF96 /* TodoApp.app */,
			);
			name = Products;
			sourceTree = "<group>";
		};
		3F9957062C22B2CE00B5EF96 /* TodoApp */ = {
			isa = PBXGroup;
			children = (
				3F9957072C22B2CE00B5EF96 /* AppDelegate.swift */,
				3F9957092C22B2CE00B5EF96 /* SceneDelegate.swift */,
				3F9957102C22B2CF00B5EF96 /* Assets.xcassets */,
				3F9957122C22B2CF00B5EF96 /* LaunchScreen.storyboard */,
				3F9957152C22B2CF00B5EF96 /* Info.plist */,
				3F99570B2C22B2CE00B5EF96 /* GreetingVC.swift */,
				3F1973D72C22EBAC00BC8531 /* SignUpFirstVC.swift */,
				3F1973D92C22EBC100BC8531 /* SignUpSecondVC.swift */,
				3F1973DD2C23059B00BC8531 /* SignInVC.swift */,
				3F522DD72C23E6B000CA3D3E /* ValidationError.swift */,
				3F522DD92C23E6C100CA3D3E /* LoginResponse.swift */,
				3F522DDB2C23E6CF00CA3D3E /* SignUpResponse.swift */,
			);
			path = TodoApp;
			sourceTree = "<group>";
		};
		7750E42FF2221C67316DD702 /* Pods */ = {
			isa = PBXGroup;
			children = (
				A95D167B79CEA5ACFEF7A3B6 /* Pods-TodoApp.debug.xcconfig */,
				7D788F694B59DD71AD215158 /* Pods-TodoApp.release.xcconfig */,
			);
			path = Pods;
			sourceTree = "<group>";
		};
		8476A7F118724E30DB93A727 /* Frameworks */ = {
			isa = PBXGroup;
			children = (
				C19ED28FF535A88C0A441D70 /* Pods_TodoApp.framework */,
			);
			name = Frameworks;
			sourceTree = "<group>";
		};
/* End PBXGroup section */

/* Begin PBXNativeTarget section */
		3F9957032C22B2CE00B5EF96 /* TodoApp */ = {
			isa = PBXNativeTarget;
			buildConfigurationList = 3F9957182C22B2CF00B5EF96 /* Build configuration list for PBXNativeTarget "TodoApp" */;
			buildPhases = (
				9AA15CD5CFBBA374C8ED4317 /* [CP] Check Pods Manifest.lock */,
				3F9957002C22B2CE00B5EF96 /* Sources */,
				3F9957012C22B2CE00B5EF96 /* Frameworks */,
				3F9957022C22B2CE00B5EF96 /* Resources */,
				AD7B101E256DDECE0939C0AC /* [CP] Embed Pods Frameworks */,
			);
			buildRules = (
			);
			dependencies = (
			);
			name = TodoApp;
			productName = TodoApp;
			productReference = 3F9957042C22B2CE00B5EF96 /* TodoApp.app */;
			productType = "com.apple.product-type.application";
		};
/* End PBXNativeTarget section */

/* Begin PBXProject section */
		3F9956FC2C22B2CE00B5EF96 /* Project object */ = {
			isa = PBXProject;
			attributes = {
				BuildIndependentTargetsInParallel = 1;
				LastSwiftUpdateCheck = 1520;
				LastUpgradeCheck = 1520;
				TargetAttributes = {
					3F9957032C22B2CE00B5EF96 = {
						CreatedOnToolsVersion = 15.2;
					};
				};
			};
			buildConfigurationList = 3F9956FF2C22B2CE00B5EF96 /* Build configuration list for PBXProject "TodoApp" */;
			compatibilityVersion = "Xcode 14.0";
			developmentRegion = en;
			hasScannedForEncodings = 0;
			knownRegions = (
				en,
				Base,
			);
			mainGroup = 3F9956FB2C22B2CE00B5EF96;
			productRefGroup = 3F9957052C22B2CE00B5EF96 /* Products */;
			projectDirPath = "";
			projectRoot = "";
			targets = (
				3F9957032C22B2CE00B5EF96 /* TodoApp */,
			);
		};
/* End PBXProject section */

/* Begin PBXResourcesBuildPhase section */
		3F9957022C22B2CE00B5EF96 /* Resources */ = {
			isa = PBXResourcesBuildPhase;
			buildActionMask = 2147483647;
			files = (
				3F9957142C22B2CF00B5EF96 /* LaunchScreen.storyboard in Resources */,
				3F522DDE2C23ED8700CA3D3E /* .gitignore in Resources */,
				3F9957112C22B2CF00B5EF96 /* Assets.xcassets in Resources */,
			);
			runOnlyForDeploymentPostprocessing = 0;
		};
/* End PBXResourcesBuildPhase section */

/* Begin PBXShellScriptBuildPhase section */
		9AA15CD5CFBBA374C8ED4317 /* [CP] Check Pods Manifest.lock */ = {
			isa = PBXShellScriptBuildPhase;
			buildActionMask = 2147483647;
			files = (
			);
			inputFileListPaths = (
			);
			inputPaths = (
				"${PODS_PODFILE_DIR_PATH}/Podfile.lock",
				"${PODS_ROOT}/Manifest.lock",
			);
			name = "[CP] Check Pods Manifest.lock";
			outputFileListPaths = (
			);
			outputPaths = (
				"$(DERIVED_FILE_DIR)/Pods-TodoApp-checkManifestLockResult.txt",
			);
			runOnlyForDeploymentPostprocessing = 0;
			shellPath = /bin/sh;
			shellScript = "diff \"${PODS_PODFILE_DIR_PATH}/Podfile.lock\" \"${PODS_ROOT}/Manifest.lock\" > /dev/null\nif [ $? != 0 ] ; then\n    # print error to STDERR\n    echo \"error: The sandbox is not in sync with the Podfile.lock. Run 'pod install' or update your CocoaPods installation.\" >&2\n    exit 1\nfi\n# This output is used by Xcode 'outputs' to avoid re-running this script phase.\necho \"SUCCESS\" > \"${SCRIPT_OUTPUT_FILE_0}\"\n";
			showEnvVarsInLog = 0;
		};
		AD7B101E256DDECE0939C0AC /* [CP] Embed Pods Frameworks */ = {
			isa = PBXShellScriptBuildPhase;
			buildActionMask = 2147483647;
			files = (
			);
			inputFileListPaths = (
				"${PODS_ROOT}/Target Support Files/Pods-TodoApp/Pods-TodoApp-frameworks-${CONFIGURATION}-input-files.xcfilelist",
			);
			name = "[CP] Embed Pods Frameworks";
			outputFileListPaths = (
				"${PODS_ROOT}/Target Support Files/Pods-TodoApp/Pods-TodoApp-frameworks-${CONFIGURATION}-output-files.xcfilelist",
			);
			runOnlyForDeploymentPostprocessing = 0;
			shellPath = /bin/sh;
			shellScript = "\"${PODS_ROOT}/Target Support Files/Pods-TodoApp/Pods-TodoApp-frameworks.sh\"\n";
			showEnvVarsInLog = 0;
		};
/* End PBXShellScriptBuildPhase section */

/* Begin PBXSourcesBuildPhase section */
		3F9957002C22B2CE00B5EF96 /* Sources */ = {
			isa = PBXSourcesBuildPhase;
			buildActionMask = 2147483647;
			files = (
				3F99570C2C22B2CE00B5EF96 /* GreetingVC.swift in Sources */,
				3F522DDC2C23E6CF00CA3D3E /* SignUpResponse.swift in Sources */,
				3F1973D82C22EBAC00BC8531 /* SignUpFirstVC.swift in Sources */,
				3F522DD82C23E6B000CA3D3E /* ValidationError.swift in Sources */,
				3F1973DA2C22EBC100BC8531 /* SignUpSecondVC.swift in Sources */,
				3F1973DE2C23059B00BC8531 /* SignInVC.swift in Sources */,
				3F9957082C22B2CE00B5EF96 /* AppDelegate.swift in Sources */,
				3F522DDA2C23E6C100CA3D3E /* LoginResponse.swift in Sources */,
				3F99570A2C22B2CE00B5EF96 /* SceneDelegate.swift in Sources */,
			);
			runOnlyForDeploymentPostprocessing = 0;
		};
/* End PBXSourcesBuildPhase section */

/* Begin PBXVariantGroup section */
		3F9957122C22B2CF00B5EF96 /* LaunchScreen.storyboard */ = {
			isa = PBXVariantGroup;
			children = (
				3F9957132C22B2CF00B5EF96 /* Base */,
			);
			name = LaunchScreen.storyboard;
			sourceTree = "<group>";
		};
/* End PBXVariantGroup section */

/* Begin XCBuildConfiguration section */
		3F9957162C22B2CF00B5EF96 /* Debug */ = {
			isa = XCBuildConfiguration;
			buildSettings = {
				ALWAYS_SEARCH_USER_PATHS = NO;
				ASSETCATALOG_COMPILER_GENERATE_SWIFT_ASSET_SYMBOL_EXTENSIONS = YES;
				CLANG_ANALYZER_NONNULL = YES;
				CLANG_ANALYZER_NUMBER_OBJECT_CONVERSION = YES_AGGRESSIVE;
				CLANG_CXX_LANGUAGE_STANDARD = "gnu++20";
				CLANG_ENABLE_MODULES = YES;
				CLANG_ENABLE_OBJC_ARC = YES;
				CLANG_ENABLE_OBJC_WEAK = YES;
				CLANG_WARN_BLOCK_CAPTURE_AUTORELEASING = YES;
				CLANG_WARN_BOOL_CONVERSION = YES;
				CLANG_WARN_COMMA = YES;
				CLANG_WARN_CONSTANT_CONVERSION = YES;
				CLANG_WARN_DEPRECATED_OBJC_IMPLEMENTATIONS = YES;
				CLANG_WARN_DIRECT_OBJC_ISA_USAGE = YES_ERROR;
				CLANG_WARN_DOCUMENTATION_COMMENTS = YES;
				CLANG_WARN_EMPTY_BODY = YES;
				CLANG_WARN_ENUM_CONVERSION = YES;
				CLANG_WARN_INFINITE_RECURSION = YES;
				CLANG_WARN_INT_CONVERSION = YES;
				CLANG_WARN_NON_LITERAL_NULL_CONVERSION = YES;
				CLANG_WARN_OBJC_IMPLICIT_RETAIN_SELF = YES;
				CLANG_WARN_OBJC_LITERAL_CONVERSION = YES;
				CLANG_WARN_OBJC_ROOT_CLASS = YES_ERROR;
				CLANG_WARN_QUOTED_INCLUDE_IN_FRAMEWORK_HEADER = YES;
				CLANG_WARN_RANGE_LOOP_ANALYSIS = YES;
				CLANG_WARN_STRICT_PROTOTYPES = YES;
				CLANG_WARN_SUSPICIOUS_MOVE = YES;
				CLANG_WARN_UNGUARDED_AVAILABILITY = YES_AGGRESSIVE;
				CLANG_WARN_UNREACHABLE_CODE = YES;
				CLANG_WARN__DUPLICATE_METHOD_MATCH = YES;
				COPY_PHASE_STRIP = NO;
				DEBUG_INFORMATION_FORMAT = dwarf;
				ENABLE_STRICT_OBJC_MSGSEND = YES;
				ENABLE_TESTABILITY = YES;
				ENABLE_USER_SCRIPT_SANDBOXING = YES;
				GCC_C_LANGUAGE_STANDARD = gnu17;
				GCC_DYNAMIC_NO_PIC = NO;
				GCC_NO_COMMON_BLOCKS = YES;
				GCC_OPTIMIZATION_LEVEL = 0;
				GCC_PREPROCESSOR_DEFINITIONS = (
					"DEBUG=1",
					"$(inherited)",
				);
				GCC_WARN_64_TO_32_BIT_CONVERSION = YES;
				GCC_WARN_ABOUT_RETURN_TYPE = YES_ERROR;
				GCC_WARN_UNDECLARED_SELECTOR = YES;
				GCC_WARN_UNINITIALIZED_AUTOS = YES_AGGRESSIVE;
				GCC_WARN_UNUSED_FUNCTION = YES;
				GCC_WARN_UNUSED_VARIABLE = YES;
				IPHONEOS_DEPLOYMENT_TARGET = 17.2;
				LOCALIZATION_PREFERS_STRING_CATALOGS = YES;
				MTL_ENABLE_DEBUG_INFO = INCLUDE_SOURCE;
				MTL_FAST_MATH = YES;
				ONLY_ACTIVE_ARCH = YES;
				SDKROOT = iphoneos;
				SWIFT_ACTIVE_COMPILATION_CONDITIONS = "DEBUG $(inherited)";
				SWIFT_OPTIMIZATION_LEVEL = "-Onone";
			};
			name = Debug;
		};
		3F9957172C22B2CF00B5EF96 /* Release */ = {
			isa = XCBuildConfiguration;
			buildSettings = {
				ALWAYS_SEARCH_USER_PATHS = NO;
				ASSETCATALOG_COMPILER_GENERATE_SWIFT_ASSET_SYMBOL_EXTENSIONS = YES;
				CLANG_ANALYZER_NONNULL = YES;
				CLANG_ANALYZER_NUMBER_OBJECT_CONVERSION = YES_AGGRESSIVE;
				CLANG_CXX_LANGUAGE_STANDARD = "gnu++20";
				CLANG_ENABLE_MODULES = YES;
				CLANG_ENABLE_OBJC_ARC = YES;
				CLANG_ENABLE_OBJC_WEAK = YES;
				CLANG_WARN_BLOCK_CAPTURE_AUTORELEASING = YES;
				CLANG_WARN_BOOL_CONVERSION = YES;
				CLANG_WARN_COMMA = YES;
				CLANG_WARN_CONSTANT_CONVERSION = YES;
				CLANG_WARN_DEPRECATED_OBJC_IMPLEMENTATIONS = YES;
				CLANG_WARN_DIRECT_OBJC_ISA_USAGE = YES_ERROR;
				CLANG_WARN_DOCUMENTATION_COMMENTS = YES;
				CLANG_WARN_EMPTY_BODY = YES;
				CLANG_WARN_ENUM_CONVERSION = YES;
				CLANG_WARN_INFINITE_RECURSION = YES;
				CLANG_WARN_INT_CONVERSION = YES;
				CLANG_WARN_NON_LITERAL_NULL_CONVERSION = YES;
				CLANG_WARN_OBJC_IMPLICIT_RETAIN_SELF = YES;
				CLANG_WARN_OBJC_LITERAL_CONVERSION = YES;
				CLANG_WARN_OBJC_ROOT_CLASS = YES_ERROR;
				CLANG_WARN_QUOTED_INCLUDE_IN_FRAMEWORK_HEADER = YES;
				CLANG_WARN_RANGE_LOOP_ANALYSIS = YES;
				CLANG_WARN_STRICT_PROTOTYPES = YES;
				CLANG_WARN_SUSPICIOUS_MOVE = YES;
				CLANG_WARN_UNGUARDED_AVAILABILITY = YES_AGGRESSIVE;
				CLANG_WARN_UNREACHABLE_CODE = YES;
				CLANG_WARN__DUPLICATE_METHOD_MATCH = YES;
				COPY_PHASE_STRIP = NO;
				DEBUG_INFORMATION_FORMAT = "dwarf-with-dsym";
				ENABLE_NS_ASSERTIONS = NO;
				ENABLE_STRICT_OBJC_MSGSEND = YES;
				ENABLE_USER_SCRIPT_SANDBOXING = YES;
				GCC_C_LANGUAGE_STANDARD = gnu17;
				GCC_NO_COMMON_BLOCKS = YES;
				GCC_WARN_64_TO_32_BIT_CONVERSION = YES;
				GCC_WARN_ABOUT_RETURN_TYPE = YES_ERROR;
				GCC_WARN_UNDECLARED_SELECTOR = YES;
				GCC_WARN_UNINITIALIZED_AUTOS = YES_AGGRESSIVE;
				GCC_WARN_UNUSED_FUNCTION = YES;
				GCC_WARN_UNUSED_VARIABLE = YES;
				IPHONEOS_DEPLOYMENT_TARGET = 17.2;
				LOCALIZATION_PREFERS_STRING_CATALOGS = YES;
				MTL_ENABLE_DEBUG_INFO = NO;
				MTL_FAST_MATH = YES;
				SDKROOT = iphoneos;
				SWIFT_COMPILATION_MODE = wholemodule;
				VALIDATE_PRODUCT = YES;
			};
			name = Release;
		};
		3F9957192C22B2CF00B5EF96 /* Debug */ = {
			isa = XCBuildConfiguration;
			baseConfigurationReference = A95D167B79CEA5ACFEF7A3B6 /* Pods-TodoApp.debug.xcconfig */;
			buildSettings = {
				ASSETCATALOG_COMPILER_APPICON_NAME = AppIcon;
				ASSETCATALOG_COMPILER_GLOBAL_ACCENT_COLOR_NAME = AccentColor;
				CODE_SIGN_STYLE = Automatic;
				CURRENT_PROJECT_VERSION = 1;
				DEVELOPMENT_TEAM = 3S2S9T38QB;
				ENABLE_USER_SCRIPT_SANDBOXING = NO;
				GENERATE_INFOPLIST_FILE = YES;
				INFOPLIST_FILE = TodoApp/Info.plist;
				INFOPLIST_KEY_UIApplicationSupportsIndirectInputEvents = YES;
				INFOPLIST_KEY_UILaunchStoryboardName = LaunchScreen;
				INFOPLIST_KEY_UISupportedInterfaceOrientations_iPad = "UIInterfaceOrientationPortrait UIInterfaceOrientationPortraitUpsideDown UIInterfaceOrientationLandscapeLeft UIInterfaceOrientationLandscapeRight";
				INFOPLIST_KEY_UISupportedInterfaceOrientations_iPhone = "UIInterfaceOrientationPortrait UIInterfaceOrientationLandscapeLeft UIInterfaceOrientationLandscapeRight";
				LD_RUNPATH_SEARCH_PATHS = (
					"$(inherited)",
					"@executable_path/Frameworks",
				);
				MARKETING_VERSION = 1.0;
				PRODUCT_BUNDLE_IDENTIFIER = com.dinstudio.TodoApp;
				PRODUCT_NAME = "$(TARGET_NAME)";
				SWIFT_EMIT_LOC_STRINGS = YES;
				SWIFT_VERSION = 5.0;
				TARGETED_DEVICE_FAMILY = "1,2";
			};
			name = Debug;
		};
		3F99571A2C22B2CF00B5EF96 /* Release */ = {
			isa = XCBuildConfiguration;
			baseConfigurationReference = 7D788F694B59DD71AD215158 /* Pods-TodoApp.release.xcconfig */;
			buildSettings = {
				ASSETCATALOG_COMPILER_APPICON_NAME = AppIcon;
				ASSETCATALOG_COMPILER_GLOBAL_ACCENT_COLOR_NAME = AccentColor;
				CODE_SIGN_STYLE = Automatic;
				CURRENT_PROJECT_VERSION = 1;
				DEVELOPMENT_TEAM = 3S2S9T38QB;
				ENABLE_USER_SCRIPT_SANDBOXING = NO;
				GENERATE_INFOPLIST_FILE = YES;
				INFOPLIST_FILE = TodoApp/Info.plist;
				INFOPLIST_KEY_UIApplicationSupportsIndirectInputEvents = YES;
				INFOPLIST_KEY_UILaunchStoryboardName = LaunchScreen;
				INFOPLIST_KEY_UISupportedInterfaceOrientations_iPad = "UIInterfaceOrientationPortrait UIInterfaceOrientationPortraitUpsideDown UIInterfaceOrientationLandscapeLeft UIInterfaceOrientationLandscapeRight";
				INFOPLIST_KEY_UISupportedInterfaceOrientations_iPhone = "UIInterfaceOrientationPortrait UIInterfaceOrientationLandscapeLeft UIInterfaceOrientationLandscapeRight";
				LD_RUNPATH_SEARCH_PATHS = (
					"$(inherited)",
					"@executable_path/Frameworks",
				);
				MARKETING_VERSION = 1.0;
				PRODUCT_BUNDLE_IDENTIFIER = com.dinstudio.TodoApp;
				PRODUCT_NAME = "$(TARGET_NAME)";
				SWIFT_EMIT_LOC_STRINGS = YES;
				SWIFT_VERSION = 5.0;
				TARGETED_DEVICE_FAMILY = "1,2";
			};
			name = Release;
		};
/* End XCBuildConfiguration section */

/* Begin XCConfigurationList section */
		3F9956FF2C22B2CE00B5EF96 /* Build configuration list for PBXProject "TodoApp" */ = {
			isa = XCConfigurationList;
			buildConfigurations = (
				3F9957162C22B2CF00B5EF96 /* Debug */,
				3F9957172C22B2CF00B5EF96 /* Release */,
			);
			defaultConfigurationIsVisible = 0;
			defaultConfigurationName = Release;
		};
		3F9957182C22B2CF00B5EF96 /* Build configuration list for PBXNativeTarget "TodoApp" */ = {
			isa = XCConfigurationList;
			buildConfigurations = (
				3F9957192C22B2CF00B5EF96 /* Debug */,
				3F99571A2C22B2CF00B5EF96 /* Release */,
			);
			defaultConfigurationIsVisible = 0;
			defaultConfigurationName = Release;
		};
/* End XCConfigurationList section */
	};
	rootObject = 3F9956FC2C22B2CE00B5EF96 /* Project object */;
}
